<Solution>
  <Folder Name="/Solution Items/">
    <File Path="docs/README.md" />
    <File Path="Technical Writeup.txt" />
  </Folder>
  <Project Path="src/JR.AussieQualy.Api/JR.AussieQualy.Api.csproj" />
  <Project Path="src/JR.AussieQualy.Application/JR.AussieQualy.Application.csproj" />
  <Project Path="src/JR.AussieQualy.ConsoleApp/JR.AussieQualy.ConsoleApp.csproj" />
  <Project Path="src/JR.AussieQualy.Domain/JR.AussieQualy.Domain.csproj" />
  <Project Path="src/JR.AussieQualy.Infrastructure/JR.AussieQualy.Infrastructure.csproj" />
  <Project Path="test/JR.AussieQualy.Tests.Unit/JR.AussieQualy.Tests.Unit.csproj" />
</Solution>
